// !$*UTF8*$!
{
	archiveVersion = 1;
	classes = {
	};
	objectVersion = 46;
	objects = {

/* Begin PBXBuildFile section */
		DF23F5911A9293AA00BFCB21 /* main.m in Sources */ = {isa = PBXBuildFile; fileRef = DF23F5901A9293AA00BFCB21 /* main.m */; };
		DF23F5941A9293AA00BFCB21 /* AppDelegate.m in Sources */ = {isa = PBXBuildFile; fileRef = DF23F5931A9293AA00BFCB21 /* AppDelegate.m */; };
		DF23F5971A9293AA00BFCB21 /* ViewController.m in Sources */ = {isa = PBXBuildFile; fileRef = DF23F5961A9293AA00BFCB21 /* ViewController.m */; };
		DF23F59A1A9293AA00BFCB21 /* Main.storyboard in Resources */ = {isa = PBXBuildFile; fileRef = DF23F5981A9293AA00BFCB21 /* Main.storyboard */; };
		DF23F59C1A9293AA00BFCB21 /* Images.xcassets in Resources */ = {isa = PBXBuildFile; fileRef = DF23F59B1A9293AA00BFCB21 /* Images.xcassets */; };
		DF23F59F1A9293AA00BFCB21 /* LaunchScreen.xib in Resources */ = {isa = PBXBuildFile; fileRef = DF23F59D1A9293AA00BFCB21 /* LaunchScreen.xib */; };
		DF23F5AB1A9293AA00BFCB21 /* PassingDataTests.m in Sources */ = {isa = PBXBuildFile; fileRef = DF23F5AA1A9293AA00BFCB21 /* PassingDataTests.m */; };
		DF23F5B91A9294AA00BFCB21 /* DetailVC.m in Sources */ = {isa = PBXBuildFile; fileRef = DF23F5B81A9294AA00BFCB21 /* DetailVC.m */; };
/* End PBXBuildFile section */

/* Begin PBXContainerItemProxy section */
		DF23F5A51A9293AA00BFCB21 /* PBXContainerItemProxy */ = {
			isa = PBXContainerItemProxy;
			containerPortal = DF23F5831A9293AA00BFCB21 /* Project object */;
			proxyType = 1;
			remoteGlobalIDString = DF23F58A1A9293AA00BFCB21;
			remoteInfo = PassingData;
		};
/* End PBXContainerItemProxy section */

/* Begin PBXFileReference section */
		DF23F58B1A9293AA00BFCB21 /* PassingData.app */ = {isa = PBXFileReference; explicitFileType = wrapper.application; includeInIndex = 0; path = PassingData.app; sourceTree = BUILT_PRODUCTS_DIR; };
		DF23F58F1A9293AA00BFCB21 /* Info.plist */ = {isa = PBXFileReference; lastKnownFileType = text.plist.xml; path = Info.plist; sourceTree = "<group>"; };
		DF23F5901A9293AA00BFCB21 /* main.m */ = {isa = PBXFileReference; lastKnownFileType = sourcecode.c.objc; path = main.m; sourceTree = "<group>"; };
		DF23F5921A9293AA00BFCB21 /* AppDelegate.h */ = {isa = PBXFileReference; lastKnownFileType = sourcecode.c.h; path = AppDelegate.h; sourceTree = "<group>"; };
		DF23F5931A9293AA00BFCB21 /* AppDelegate.m */ = {isa = PBXFileReference; lastKnownFileType = sourcecode.c.objc; path = AppDelegate.m; sourceTree = "<group>"; };
		DF23F5951A9293AA00BFCB21 /* ViewController.h */ = {isa = PBXFileReference; lastKnownFileType = sourcecode.c.h; path = ViewController.h; sourceTree = "<group>"; };
		DF23F5961A9293AA00BFCB21 /* ViewController.m */ = {isa = PBXFileReference; lastKnownFileType = sourcecode.c.objc; path = ViewController.m; sourceTree = "<group>"; };
		DF23F5991A9293AA00BFCB21 /* Base */ = {isa = PBXFileReference; lastKnownFileType = file.storyboard; name = Base; path = Base.lproj/Main.storyboard; sourceTree = "<group>"; };
		DF23F59B1A9293AA00BFCB21 /* Images.xcassets */ = {isa = PBXFileReference; lastKnownFileType = folder.assetcatalog; path = Images.xcassets; sourceTree = "<group>"; };
		DF23F59E1A9293AA00BFCB21 /* Base */ = {isa = PBXFileReference; lastKnownFileType = file.xib; name = Base; path = Base.lproj/LaunchScreen.xib; sourceTree = "<group>"; };
		DF23F5A41A9293AA00BFCB21 /* PassingDataTests.xctest */ = {isa = PBXFileReference; explicitFileType = wrapper.cfbundle; includeInIndex = 0; path = PassingDataTests.xctest; sourceTree = BUILT_PRODUCTS_DIR; };
		DF23F5A91A9293AA00BFCB21 /* Info.plist */ = {isa = PBXFileReference; lastKnownFileType = text.plist.xml; path = Info.plist; sourceTree = "<group>"; };
		DF23F5AA1A9293AA00BFCB21 /* PassingDataTests.m */ = {isa = PBXFileReference; lastKnownFileType = sourcecode.c.objc; path = PassingDataTests.m; sourceTree = "<group>"; };
		DF23F5B71A9294AA00BFCB21 /* DetailVC.h */ = {isa = PBXFileReference; fileEncoding = 4; lastKnownFileType = sourcecode.c.h; name = DetailVC.h; path = ../DetailVC.h; sourceTree = "<group>"; };
		DF23F5B81A9294AA00BFCB21 /* DetailVC.m */ = {isa = PBXFileReference; fileEncoding = 4; lastKnownFileType = sourcecode.c.objc; name = DetailVC.m; path = ../DetailVC.m; sourceTree = "<group>"; };
/* End PBXFileReference section */

/* Begin PBXFrameworksBuildPhase section */
		DF23F5881A9293AA00BFCB21 /* Frameworks */ = {
			isa = PBXFrameworksBuildPhase;
			buildActionMask = 2147483647;
			files = (
			);
			runOnlyForDeploymentPostprocessing = 0;
		};
		DF23F5A11A9293AA00BFCB21 /* Frameworks */ = {
			isa = PBXFrameworksBuildPhase;
			buildActionMask = 2147483647;
			files = (
			);
			runOnlyForDeploymentPostprocessing = 0;
		};
/* End PBXFrameworksBuildPhase section */

/* Begin PBXGroup section */
		DF23F5821A9293AA00BFCB21 = {
			isa = PBXGroup;
			children = (
				DF23F58D1A9293AA00BFCB21 /* PassingData */,
				DF23F5A71A9293AA00BFCB21 /* PassingDataTests */,
				DF23F58C1A9293AA00BFCB21 /* Products */,
			);
			sourceTree = "<group>";
		};
		DF23F58C1A9293AA00BFCB21 /* Products */ = {
			isa = PBXGroup;
			children = (
				DF23F58B1A9293AA00BFCB21 /* PassingData.app */,
				DF23F5A41A9293AA00BFCB21 /* PassingDataTests.xctest */,
			);
			name = Products;
			sourceTree = "<group>";
		};
		DF23F58D1A9293AA00BFCB21 /* PassingData */ = {
			isa = PBXGroup;
			children = (
				DF23F5921A9293AA00BFCB21 /* AppDelegate.h */,
				DF23F5931A9293AA00BFCB21 /* AppDelegate.m */,
				DF23F5951A9293AA00BFCB21 /* ViewController.h */,
				DF23F5961A9293AA00BFCB21 /* ViewController.m */,
				DF23F5981A9293AA00BFCB21 /* Main.storyboard */,
				DF23F5B71A9294AA00BFCB21 /* DetailVC.h */,
				DF23F5B81A9294AA00BFCB21 /* DetailVC.m */,
				DF23F59B1A9293AA00BFCB21 /* Images.xcassets */,
				DF23F59D1A9293AA00BFCB21 /* LaunchScreen.xib */,
				DF23F58E1A9293AA00BFCB21 /* Supporting Files */,
			);
			path = PassingData;
			sourceTree = "<group>";
		};
		DF23F58E1A9293AA00BFCB21 /* Supporting Files */ = {
			isa = PBXGroup;
			children = (
				DF23F58F1A9293AA00BFCB21 /* Info.plist */,
				DF23F5901A9293AA00BFCB21 /* main.m */,
			);
			name = "Supporting Files";
			sourceTree = "<group>";
		};
		DF23F5A71A9293AA00BFCB21 /* PassingDataTests */ = {
			isa = PBXGroup;
			children = (
				DF23F5AA1A9293AA00BFCB21 /* PassingDataTests.m */,
				DF23F5A81A9293AA00BFCB21 /* Supporting Files */,
			);
			path = PassingDataTests;
			sourceTree = "<group>";
		};
		DF23F5A81A9293AA00BFCB21 /* Supporting Files */ = {
			isa = PBXGroup;
			children = (
				DF23F5A91A9293AA00BFCB21 /* Info.plist */,
			);
			name = "Supporting Files";
			sourceTree = "<group>";
		};
/* End PBXGroup section */

/* Begin PBXNativeTarget section */
		DF23F58A1A9293AA00BFCB21 /* PassingData */ = {
			isa = PBXNativeTarget;
			buildConfigurationList = DF23F5AE1A9293AA00BFCB21 /* Build configuration list for PBXNativeTarget "PassingData" */;
			buildPhases = (
				DF23F5871A9293AA00BFCB21 /* Sources */,
				DF23F5881A9293AA00BFCB21 /* Frameworks */,
				DF23F5891A9293AA00BFCB21 /* Resources */,
			);
			buildRules = (
			);
			dependencies = (
			);
			name = PassingData;
			productName = PassingData;
			productReference = DF23F58B1A9293AA00BFCB21 /* PassingData.app */;
			productType = "com.apple.product-type.application";
		};
		DF23F5A31A9293AA00BFCB21 /* PassingDataTests */ = {
			isa = PBXNativeTarget;
			buildConfigurationList = DF23F5B11A9293AA00BFCB21 /* Build configuration list for PBXNativeTarget "PassingDataTests" */;
			buildPhases = (
				DF23F5A01A9293AA00BFCB21 /* Sources */,
				DF23F5A11A9293AA00BFCB21 /* Frameworks */,
				DF23F5A21A9293AA00BFCB21 /* Resources */,
			);
			buildRules = (
			);
			dependencies = (
				DF23F5A61A9293AA00BFCB21 /* PBXTargetDependency */,
			);
			name = PassingDataTests;
			productName = PassingDataTests;
			productReference = DF23F5A41A9293AA00BFCB21 /* PassingDataTests.xctest */;
			productType = "com.apple.product-type.bundle.unit-test";
		};
/* End PBXNativeTarget section */

/* Begin PBXProject section */
		DF23F5831A9293AA00BFCB21 /* Project object */ = {
			isa = PBXProject;
			attributes = {
				LastUpgradeCheck = 0610;
				ORGANIZATIONNAME = Maptier;
				TargetAttributes = {
					DF23F58A1A9293AA00BFCB21 = {
						CreatedOnToolsVersion = 6.1.1;
					};
					DF23F5A31A9293AA00BFCB21 = {
						CreatedOnToolsVersion = 6.1.1;
						TestTargetID = DF23F58A1A9293AA00BFCB21;
					};
				};
			};
			buildConfigurationList = DF23F5861A9293AA00BFCB21 /* Build configuration list for PBXProject "PassingData" */;
			compatibilityVersion = "Xcode 3.2";
			developmentRegion = English;
			hasScannedForEncodings = 0;
			knownRegions = (
				en,
				Base,
			);
			mainGroup = DF23F5821A9293AA00BFCB21;
			productRefGroup = DF23F58C1A9293AA00BFCB21 /* Products */;
			projectDirPath = "";
			projectRoot = "";
			targets = (
				DF23F58A1A9293AA00BFCB21 /* PassingData */,
				DF23F5A31A9293AA00BFCB21 /* PassingDataTests */,
			);
		};
/* End PBXProject section */

/* Begin PBXResourcesBuildPhase section */
		DF23F5891A9293AA00BFCB21 /* Resources */ = {
			isa = PBXResourcesBuildPhase;
			buildActionMask = 2147483647;
			files = (
				DF23F59A1A9293AA00BFCB21 /* Main.storyboard in Resources */,
				DF23F59F1A9293AA00BFCB21 /* LaunchScreen.xib in Resources */,
				DF23F59C1A9293AA00BFCB21 /* Images.xcassets in Resources */,
			);
			runOnlyForDeploymentPostprocessing = 0;
		};
		DF23F5A21A9293AA00BFCB21 /* Resources */ = {
			isa = PBXResourcesBuildPhase;
			buildActionMask = 2147483647;
			files = (
			);
			runOnlyForDeploymentPostprocessing = 0;
		};
/* End PBXResourcesBuildPhase section */

/* Begin PBXSourcesBuildPhase section */
		DF23F5871A9293AA00BFCB21 /* Sources */ = {
			isa = PBXSourcesBuildPhase;
			buildActionMask = 2147483647;
			files = (
				DF23F5971A9293AA00BFCB21 /* ViewController.m in Sources */,
				DF23F5B91A9294AA00BFCB21 /* DetailVC.m in Sources */,
				DF23F5941A9293AA00BFCB21 /* AppDelegate.m in Sources */,
				DF23F5911A9293AA00BFCB21 /* main.m in Sources */,
			);
			runOnlyForDeploymentPostprocessing = 0;
		};
		DF23F5A01A9293AA00BFCB21 /* Sources */ = {
			isa = PBXSourcesBuildPhase;
			buildActionMask = 2147483647;
			files = (
				DF23F5AB1A9293AA00BFCB21 /* PassingDataTests.m in Sources */,
			);
			runOnlyForDeploymentPostprocessing = 0;
		};
/* End PBXSourcesBuildPhase section */

/* Begin PBXTargetDependency section */
		DF23F5A61A9293AA00BFCB21 /* PBXTargetDependency */ = {
			isa = PBXTargetDependency;
			target = DF23F58A1A9293AA00BFCB21 /* PassingData */;
			targetProxy = DF23F5A51A9293AA00BFCB21 /* PBXContainerItemProxy */;
		};
/* End PBXTargetDependency section */

/* Begin PBXVariantGroup section */
		DF23F5981A9293AA00BFCB21 /* Main.storyboard */ = {
			isa = PBXVariantGroup;
			children = (
				DF23F5991A9293AA00BFCB21 /* Base */,
			);
			name = Main.storyboard;
			sourceTree = "<group>";
		};
		DF23F59D1A9293AA00BFCB21 /* LaunchScreen.xib */ = {
			isa = PBXVariantGroup;
			children = (
				DF23F59E1A9293AA00BFCB21 /* Base */,
			);
			name = LaunchScreen.xib;
			sourceTree = "<group>";
		};
/* End PBXVariantGroup section */

/* Begin XCBuildConfiguration section */
		DF23F5AC1A9293AA00BFCB21 /* Debug */ = {
			isa = XCBuildConfiguration;
			buildSettings = {
				ALWAYS_SEARCH_USER_PATHS = NO;
				CLANG_CXX_LANGUAGE_STANDARD = "gnu++0x";
				CLANG_CXX_LIBRARY = "libc++";
				CLANG_ENABLE_MODULES = YES;
				CLANG_ENABLE_OBJC_ARC = YES;
				CLANG_WARN_BOOL_CONVERSION = YES;
				CLANG_WARN_CONSTANT_CONVERSION = YES;
				CLANG_WARN_DIRECT_OBJC_ISA_USAGE = YES_ERROR;
				CLANG_WARN_EMPTY_BODY = YES;
				CLANG_WARN_ENUM_CONVERSION = YES;
				CLANG_WARN_INT_CONVERSION = YES;
				CLANG_WARN_OBJC_ROOT_CLASS = YES_ERROR;
				CLANG_WARN_UNREACHABLE_CODE = YES;
				CLANG_WARN__DUPLICATE_METHOD_MATCH = YES;
				"CODE_SIGN_IDENTITY[sdk=iphoneos*]" = "iPhone Developer";
				COPY_PHASE_STRIP = NO;
				ENABLE_STRICT_OBJC_MSGSEND = YES;
				GCC_C_LANGUAGE_STANDARD = gnu99;
				GCC_DYNAMIC_NO_PIC = NO;
				GCC_OPTIMIZATION_LEVEL = 0;
				GCC_PREPROCESSOR_DEFINITIONS = (
					"DEBUG=1",
					"$(inherited)",
				);
				GCC_SYMBOLS_PRIVATE_EXTERN = NO;
				GCC_WARN_64_TO_32_BIT_CONVERSION = YES;
				GCC_WARN_ABOUT_RETURN_TYPE = YES_ERROR;
				GCC_WARN_UNDECLARED_SELECTOR = YES;
				GCC_WARN_UNINITIALIZED_AUTOS = YES_AGGRESSIVE;
				GCC_WARN_UNUSED_FUNCTION = YES;
				GCC_WARN_UNUSED_VARIABLE = YES;
				IPHONEOS_DEPLOYMENT_TARGET = 8.1;
				MTL_ENABLE_DEBUG_INFO = YES;
				ONLY_ACTIVE_ARCH = YES;
				SDKROOT = iphoneos;
			};
			name = Debug;
		};
		DF23F5AD1A9293AA00BFCB21 /* Release */ = {
			isa = XCBuildConfiguration;
			buildSettings = {
				ALWAYS_SEARCH_USER_PATHS = NO;
				CLANG_CXX_LANGUAGE_STANDARD = "gnu++0x";
				CLANG_CXX_LIBRARY = "libc++";
				CLANG_ENABLE_MODULES = YES;
				CLANG_ENABLE_OBJC_ARC = YES;
				CLANG_WARN_BOOL_CONVERSION = YES;
				CLANG_WARN_CONSTANT_CONVERSION = YES;
				CLANG_WARN_DIRECT_OBJC_ISA_USAGE = YES_ERROR;
				CLANG_WARN_EMPTY_BODY = YES;
				CLANG_WARN_ENUM_CONVERSION = YES;
				CLANG_WARN_INT_CONVERSION = YES;
				CLANG_WARN_OBJC_ROOT_CLASS = YES_ERROR;
				CLANG_WARN_UNREACHABLE_CODE = YES;
				CLANG_WARN__DUPLICATE_METHOD_MATCH = YES;
				"CODE_SIGN_IDENTITY[sdk=iphoneos*]" = "iPhone Developer";
				COPY_PHASE_STRIP = YES;
				ENABLE_NS_ASSERTIONS = NO;
				ENABLE_STRICT_OBJC_MSGSEND = YES;
				GCC_C_LANGUAGE_STANDARD = gnu99;
				GCC_WARN_64_TO_32_BIT_CONVERSION = YES;
				GCC_WARN_ABOUT_RETURN_TYPE = YES_ERROR;
				GCC_WARN_UNDECLARED_SELECTOR = YES;
				GCC_WARN_UNINITIALIZED_AUTOS = YES_AGGRESSIVE;
				GCC_WARN_UNUSED_FUNCTION = YES;
				GCC_WARN_UNUSED_VARIABLE = YES;
				IPHONEOS_DEPLOYMENT_TARGET = 8.1;
				MTL_ENABLE_DEBUG_INFO = NO;
				SDKROOT = iphoneos;
				VALIDATE_PRODUCT = YES;
			};
			name = Release;
		};
		DF23F5AF1A9293AA00BFCB21 /* Debug */ = {
			isa = XCBuildConfiguration;
			buildSettings = {
				ASSETCATALOG_COMPILER_APPICON_NAME = AppIcon;
				INFOPLIST_FILE = PassingData/Info.plist;
				LD_RUNPATH_SEARCH_PATHS = "$(inherited) @executable_path/Frameworks";
				PRODUCT_NAME = "$(TARGET_NAME)";
			};
			name = Debug;
		};
		DF23F5B01A9293AA00BFCB21 /* Release */ = {
			isa = XCBuildConfiguration;
			buildSettings = {
				ASSETCATALOG_COMPILER_APPICON_NAME = AppIcon;
				INFOPLIST_FILE = PassingData/Info.plist;
				LD_RUNPATH_SEARCH_PATHS = "$(inherited) @executable_path/Frameworks";
				PRODUCT_NAME = "$(TARGET_NAME)";
			};
			name = Release;
		};
		DF23F5B21A9293AA00BFCB21 /* Debug */ = {
			isa = XCBuildConfiguration;
			buildSettings = {
				BUNDLE_LOADER = "$(TEST_HOST)";
				FRAMEWORK_SEARCH_PATHS = (
					"$(SDKROOT)/Developer/Library/Frameworks",
					"$(inherited)",
				);
				GCC_PREPROCESSOR_DEFINITIONS = (
					"DEBUG=1",
					"$(inherited)",
				);
				INFOPLIST_FILE = PassingDataTests/Info.plist;
				LD_RUNPATH_SEARCH_PATHS = "$(inherited) @executable_path/Frameworks @loader_path/Frameworks";
				PRODUCT_NAME = "$(TARGET_NAME)";
				TEST_HOST = "$(BUILT_PRODUCTS_DIR)/PassingData.app/PassingData";
			};
			name = Debug;
		};
		DF23F5B31A9293AA00BFCB21 /* Release */ = {
			isa = XCBuildConfiguration;
			buildSettings = {
				BUNDLE_LOADER = "$(TEST_HOST)";
				FRAMEWORK_SEARCH_PATHS = (
					"$(SDKROOT)/Developer/Library/Frameworks",
					"$(inherited)",
				);
				INFOPLIST_FILE = PassingDataTests/Info.plist;
				LD_RUNPATH_SEARCH_PATHS = "$(inherited) @executable_path/Frameworks @loader_path/Frameworks";
				PRODUCT_NAME = "$(TARGET_NAME)";
				TEST_HOST = "$(BUILT_PRODUCTS_DIR)/PassingData.app/PassingData";
			};
			name = Release;
		};
/* End XCBuildConfiguration section */

/* Begin XCConfigurationList section */
		DF23F5861A9293AA00BFCB21 /* Build configuration list for PBXProject "PassingData" */ = {
			isa = XCConfigurationList;
			buildConfigurations = (
				DF23F5AC1A9293AA00BFCB21 /* Debug */,
				DF23F5AD1A9293AA00BFCB21 /* Release */,
			);
			defaultConfigurationIsVisible = 0;
			defaultConfigurationName = Release;
		};
		DF23F5AE1A9293AA00BFCB21 /* Build configuration list for PBXNativeTarget "PassingData" */ = {
			isa = XCConfigurationList;
			buildConfigurations = (
				DF23F5AF1A9293AA00BFCB21 /* Debug */,
				DF23F5B01A9293AA00BFCB21 /* Release */,
			);
			defaultConfigurationIsVisible = 0;
		};
		DF23F5B11A9293AA00BFCB21 /* Build configuration list for PBXNativeTarget "PassingDataTests" */ = {
			isa = XCConfigurationList;
			buildConfigurations = (
				DF23F5B21A9293AA00BFCB21 /* Debug */,
				DF23F5B31A9293AA00BFCB21 /* Release */,
			);
			defaultConfigurationIsVisible = 0;
		};
/* End XCConfigurationList section */
	};
	rootObject = DF23F5831A9293AA00BFCB21 /* Project object */;
}
